
Microsoft Visual Studio Solution File, Format Version 12.00
# Visual Studio Version 17
VisualStudioVersion = 17.2.32616.157
MinimumVisualStudioVersion = 10.0.40219.1
Project("{888888A0-9F3D-457C-B088-3A5042F75D52}") = "Palindrome", "Palindrome\Palindrome.pyproj", "{81F62E76-FC98-47CA-A30C-4A966E923CAA}"
EndProject
Global
	GlobalSection(SolutionConfigurationPlatforms) = preSolution
		Debug|Any CPU = Debug|Any CPU
		Release|Any CPU = Release|Any CPU
	EndGlobalSection
	GlobalSection(ProjectConfigurationPlatforms) = postSolution
		{81F62E76-FC98-47CA-A30C-4A966E923CAA}.Debug|Any CPU.ActiveCfg = Debug|Any CPU
		{81F62E76-FC98-47CA-A30C-4A966E923CAA}.Release|Any CPU.ActiveCfg = Release|Any CPU
	EndGlobalSection
	GlobalSection(SolutionProperties) = preSolution
		HideSolutionNode = FALSE
	EndGlobalSection
	GlobalSection(ExtensibilityGlobals) = postSolution
		SolutionGuid = {B59C16AA-65A5-41E0-B2D7-444BBD71EA93}
	EndGlobalSection
EndGlobal
